{
  "name": "ng-zorro-account-book",
  "version": "0.0.0",
  "lockfileVersion": 1,
  "requires": true,
  "dependencies": {
    "@angular/cdk": {
      "version": "8.1.4",
      "resolved": "https://registry.npmjs.org/@angular/cdk/-/cdk-8.1.4.tgz",
      "integrity": "sha512-U0tjhAZM4qqUHGGKIKFZZ9d8929s2U/HO0FdoT/eX+oHPOA6mm3bBep7myrSzlkP9V7O1JJfYdhEgijXhYxprQ==",
      "requires": {
        "parse5": "^5.0.0",
        "tslib": "^1.7.1"
      },
      "dependencies": {
        "tslib": {
          "version": "1.10.0",
          "resolved": "https://registry.npmjs.org/tslib/-/tslib-1.10.0.tgz",
          "integrity": "sha512-qOebF53frne81cf0S9B41ByenJ3/IuH8yJKngAX35CmiZySA0khhkovshKK+jGCaMnVomla7gVlIcc3EvKPbTQ=="
        }
      }
    },
    "@ant-design/colors": {
      "version": "3.2.1",
      "resolved": "https://registry.npmjs.org/@ant-design/colors/-/colors-3.2.1.tgz",
      "integrity": "sha512-ibJybOcR1+h2IEr0Yxx4y/Wcz8obEtKvl2EYvxh8ugMkYniGSItpLKGzKNyyqzOaum5jb6fVCyH1aR9VkdpFRA==",
      "requires": {
        "tinycolor2": "^1.4.1"
      }
    },
    "@ant-design/icons-angular": {
      "version": "8.0.3",
      "resolved": "https://registry.npmjs.org/@ant-design/icons-angular/-/icons-angular-8.0.3.tgz",
      "integrity": "sha512-P7h4g/cy2m3sb8N238QIMSHHPyJcYJahqZlDqQYxWChk3zNrSJfyWs9Rp1cEt68ZjMxsw1vwh4Fbvvm97dFedA==",
      "requires": {
        "@ant-design/colors": "^3.1.0",
        "tslib": "^1.9.0"
      },
      "dependencies": {
        "tslib": {
          "version": "1.10.0",
          "resolved": "https://registry.npmjs.org/tslib/-/tslib-1.10.0.tgz",
          "integrity": "sha512-qOebF53frne81cf0S9B41ByenJ3/IuH8yJKngAX35CmiZySA0khhkovshKK+jGCaMnVomla7gVlIcc3EvKPbTQ=="
        }
      }
    },
    "date-fns": {
      "version": "1.30.1",
      "resolved": "https://registry.npmjs.org/date-fns/-/date-fns-1.30.1.tgz",
      "integrity": "sha512-hBSVCvSmWC+QypYObzwGOd9wqdDpOt+0wl0KbU+R+uuZBS1jN8VsD1ss3irQDknRj5NvxiTF6oj/nDRnN/UQNw=="
    },
    "ng-zorro-antd": {
      "version": "8.1.2",
      "resolved": "https://registry.npmjs.org/ng-zorro-antd/-/ng-zorro-antd-8.1.2.tgz",
      "integrity": "sha512-85oCbVX1Oe6Dv3zkCydAjJ7qr1ToLP/C/NEPem7+3dHf3MLzWHsn1yb6tZg4676qz9X/Oq8H7DfS5laSkSJK6A==",
      "requires": {
        "@angular/cdk": "^8.0.0",
        "@ant-design/icons-angular": "^8.0.2",
        "date-fns": "^1.30.1",
        "tslib": "^1.9.0"
      },
      "dependencies": {
        "tslib": {
          "version": "1.10.0",
          "resolved": "https://registry.npmjs.org/tslib/-/tslib-1.10.0.tgz",
          "integrity": "sha512-qOebF53frne81cf0S9B41ByenJ3/IuH8yJKngAX35CmiZySA0khhkovshKK+jGCaMnVomla7gVlIcc3EvKPbTQ=="
        }
      }
    },
    "parse5": {
      "version": "5.1.0",
      "resolved": "https://registry.npmjs.org/parse5/-/parse5-5.1.0.tgz",
      "integrity": "sha512-fxNG2sQjHvlVAYmzBZS9YlDp6PTSSDwa98vkD4QgVDDCAo84z5X1t5XyJQ62ImdLXx5NdIIfihey6xpum9/gRQ==",
      "optional": true
    },
    "symbol-observable": {
      "version": "1.2.0",
      "resolved": "https://registry.npmjs.org/symbol-observable/-/symbol-observable-1.2.0.tgz",
      "integrity": "sha512-e900nM8RRtGhlV36KGEU9k65K3mPb1WV70OdjfxlG2EAuM1noi/E/BaW/uMhL7bPEssK8QV57vN3esixjUvcXQ=="
    },
    "tinycolor2": {
      "version": "1.4.1",
      "resolved": "https://registry.npmjs.org/tinycolor2/-/tinycolor2-1.4.1.tgz",
      "integrity": "sha1-9PrTM0R7wLB9TcjpIJ2POaisd+g="
    }
  }
}
